
Microsoft Visual Studio Solution File, Format Version 12.00
# Visual Studio Version 17
VisualStudioVersion = 17.11.35431.28
MinimumVisualStudioVersion = 10.0.40219.1
Project("{FAE04EC0-301F-11D3-BF4B-00C04F79EFBC}") = "edi-315-parser-api", "edi-315-parser-api\edi-315-parser-api.csproj", "{FFB8046F-F577-4B2F-A372-633A844F15CD}"
EndProject
Project("{FAE04EC0-301F-11D3-BF4B-00C04F79EFBC}") = "Identity", "Identity\Identity.csproj", "{D5D2D2D3-9104-4EF6-9ABC-933B581CE79B}"
EndProject
Project("{FAE04EC0-301F-11D3-BF4B-00C04F79EFBC}") = "Payment.API", "Payment.API\Payment.API.csproj", "{1B644A36-2075-472E-BD00-8E0A2E92230E}"
EndProject
Global
	GlobalSection(SolutionConfigurationPlatforms) = preSolution
		Debug|Any CPU = Debug|Any CPU
		Release|Any CPU = Release|Any CPU
	EndGlobalSection
	GlobalSection(ProjectConfigurationPlatforms) = postSolution
		{FFB8046F-F577-4B2F-A372-633A844F15CD}.Debug|Any CPU.ActiveCfg = Debug|Any CPU
		{FFB8046F-F577-4B2F-A372-633A844F15CD}.Debug|Any CPU.Build.0 = Debug|Any CPU
		{FFB8046F-F577-4B2F-A372-633A844F15CD}.Release|Any CPU.ActiveCfg = Release|Any CPU
		{FFB8046F-F577-4B2F-A372-633A844F15CD}.Release|Any CPU.Build.0 = Release|Any CPU
		{D5D2D2D3-9104-4EF6-9ABC-933B581CE79B}.Debug|Any CPU.ActiveCfg = Debug|Any CPU
		{D5D2D2D3-9104-4EF6-9ABC-933B581CE79B}.Debug|Any CPU.Build.0 = Debug|Any CPU
		{D5D2D2D3-9104-4EF6-9ABC-933B581CE79B}.Release|Any CPU.ActiveCfg = Release|Any CPU
		{D5D2D2D3-9104-4EF6-9ABC-933B581CE79B}.Release|Any CPU.Build.0 = Release|Any CPU
		{1B644A36-2075-472E-BD00-8E0A2E92230E}.Debug|Any CPU.ActiveCfg = Debug|Any CPU
		{1B644A36-2075-472E-BD00-8E0A2E92230E}.Debug|Any CPU.Build.0 = Debug|Any CPU
		{1B644A36-2075-472E-BD00-8E0A2E92230E}.Release|Any CPU.ActiveCfg = Release|Any CPU
		{1B644A36-2075-472E-BD00-8E0A2E92230E}.Release|Any CPU.Build.0 = Release|Any CPU
	EndGlobalSection
	GlobalSection(SolutionProperties) = preSolution
		HideSolutionNode = FALSE
	EndGlobalSection
	GlobalSection(ExtensibilityGlobals) = postSolution
		SolutionGuid = {85215DFF-7F6D-4A9D-992C-BDB3151242CC}
	EndGlobalSection
EndGlobal
